
Microsoft Visual Studio Solution File, Format Version 12.00
# Visual Studio Version 17
VisualStudioVersion = 17.3.32922.545
MinimumVisualStudioVersion = 10.0.40219.1
Project("{FAE04EC0-301F-11D3-BF4B-00C04F79EFBC}") = "estacionamentoPrjIntegrador", "estacionamentoPrjIntegrador\estacionamentoPrjIntegrador.csproj", "{30F76C1D-9495-4257-8CAA-FDD343D76AEA}"
EndProject
Project("{FAE04EC0-301F-11D3-BF4B-00C04F79EFBC}") = "Banco", "Banco\Banco.csproj", "{887D8640-9580-4FA6-BE09-E5AE79505023}"
EndProject
Project("{FAE04EC0-301F-11D3-BF4B-00C04F79EFBC}") = "RegradeNegocio", "Funcionamento\RegradeNegocio.csproj", "{0BDFCB1A-32EF-45BF-8505-D72F0A3544D5}"
EndProject
Project("{9A19103F-16F7-4668-BE54-9A1E7A4F7556}") = "Estacionamento", "Estacionamento\Estacionamento.csproj", "{67883098-BD66-4B6A-901C-9A76DEF38E40}"
EndProject
Project("{2150E333-8FDC-42A3-9474-1A3956D46DE8}") = "BancoDeDados", "BancoDeDados", "{8A520F14-668C-4856-889E-18208B15A0AA}"
	ProjectSection(SolutionItems) = preProject
		SqlBanco.sql = SqlBanco.sql
	EndProjectSection
EndProject
Global
	GlobalSection(SolutionConfigurationPlatforms) = preSolution
		Debug|Any CPU = Debug|Any CPU
		Release|Any CPU = Release|Any CPU
	EndGlobalSection
	GlobalSection(ProjectConfigurationPlatforms) = postSolution
		{30F76C1D-9495-4257-8CAA-FDD343D76AEA}.Debug|Any CPU.ActiveCfg = Debug|Any CPU
		{30F76C1D-9495-4257-8CAA-FDD343D76AEA}.Debug|Any CPU.Build.0 = Debug|Any CPU
		{30F76C1D-9495-4257-8CAA-FDD343D76AEA}.Release|Any CPU.ActiveCfg = Release|Any CPU
		{30F76C1D-9495-4257-8CAA-FDD343D76AEA}.Release|Any CPU.Build.0 = Release|Any CPU
		{887D8640-9580-4FA6-BE09-E5AE79505023}.Debug|Any CPU.ActiveCfg = Debug|Any CPU
		{887D8640-9580-4FA6-BE09-E5AE79505023}.Debug|Any CPU.Build.0 = Debug|Any CPU
		{887D8640-9580-4FA6-BE09-E5AE79505023}.Release|Any CPU.ActiveCfg = Release|Any CPU
		{887D8640-9580-4FA6-BE09-E5AE79505023}.Release|Any CPU.Build.0 = Release|Any CPU
		{0BDFCB1A-32EF-45BF-8505-D72F0A3544D5}.Debug|Any CPU.ActiveCfg = Debug|Any CPU
		{0BDFCB1A-32EF-45BF-8505-D72F0A3544D5}.Debug|Any CPU.Build.0 = Debug|Any CPU
		{0BDFCB1A-32EF-45BF-8505-D72F0A3544D5}.Release|Any CPU.ActiveCfg = Release|Any CPU
		{0BDFCB1A-32EF-45BF-8505-D72F0A3544D5}.Release|Any CPU.Build.0 = Release|Any CPU
		{67883098-BD66-4B6A-901C-9A76DEF38E40}.Debug|Any CPU.ActiveCfg = Debug|Any CPU
		{67883098-BD66-4B6A-901C-9A76DEF38E40}.Debug|Any CPU.Build.0 = Debug|Any CPU
		{67883098-BD66-4B6A-901C-9A76DEF38E40}.Release|Any CPU.ActiveCfg = Release|Any CPU
		{67883098-BD66-4B6A-901C-9A76DEF38E40}.Release|Any CPU.Build.0 = Release|Any CPU
	EndGlobalSection
	GlobalSection(SolutionProperties) = preSolution
		HideSolutionNode = FALSE
	EndGlobalSection
	GlobalSection(ExtensibilityGlobals) = postSolution
		SolutionGuid = {6204C9DE-0CDC-4D76-8232-39A404C428C1}
	EndGlobalSection
EndGlobal
